
Microsoft Visual Studio Solution File, Format Version 12.00
# Visual Studio 15
VisualStudioVersion = 15.0.26730.16
MinimumVisualStudioVersion = 10.0.40219.1
Project("{FAE04EC0-301F-11D3-BF4B-00C04F79EFBC}") = "DoctorBookingSystem", "DoctorBookingSystem\DoctorBookingSystem.csproj", "{568EACAA-2A18-4F7C-8541-3FE34601630E}"
EndProject
Global
	GlobalSection(SolutionConfigurationPlatforms) = preSolution
		Debug|Any CPU = Debug|Any CPU
		Release|Any CPU = Release|Any CPU
	EndGlobalSection
	GlobalSection(ProjectConfigurationPlatforms) = postSolution
		{568EACAA-2A18-4F7C-8541-3FE34601630E}.Debug|Any CPU.ActiveCfg = Debug|Any CPU
		{568EACAA-2A18-4F7C-8541-3FE34601630E}.Debug|Any CPU.Build.0 = Debug|Any CPU
		{568EACAA-2A18-4F7C-8541-3FE34601630E}.Release|Any CPU.ActiveCfg = Release|Any CPU
		{568EACAA-2A18-4F7C-8541-3FE34601630E}.Release|Any CPU.Build.0 = Release|Any CPU
	EndGlobalSection
	GlobalSection(SolutionProperties) = preSolution
		HideSolutionNode = FALSE
	EndGlobalSection
	GlobalSection(ExtensibilityGlobals) = postSolution
		SolutionGuid = {F5FAA9F7-DBA6-4E7A-9E6A-8778E5475051}
	EndGlobalSection
EndGlobal
