
Microsoft Visual Studio Solution File, Format Version 12.00
# Visual Studio 15
Project("{FAE04EC0-301F-11D3-BF4B-00C04F79EFBC}") = "DBS-v1", "DBS-v1\DBS-v1.csproj", "{B4985E58-F208-46CF-89B8-CD8384292C8B}"
EndProject
Global
	GlobalSection(SolutionConfigurationPlatforms) = preSolution
		Debug|Any CPU = Debug|Any CPU
		Release|Any CPU = Release|Any CPU
	EndGlobalSection
	GlobalSection(ProjectConfigurationPlatforms) = postSolution
		{B4985E58-F208-46CF-89B8-CD8384292C8B}.Debug|Any CPU.ActiveCfg = Debug|Any CPU
		{B4985E58-F208-46CF-89B8-CD8384292C8B}.Debug|Any CPU.Build.0 = Debug|Any CPU
		{B4985E58-F208-46CF-89B8-CD8384292C8B}.Release|Any CPU.ActiveCfg = Release|Any CPU
		{B4985E58-F208-46CF-89B8-CD8384292C8B}.Release|Any CPU.Build.0 = Release|Any CPU
	EndGlobalSection
EndGlobal
