
Microsoft Visual Studio Solution File, Format Version 12.00
# Visual Studio 15
VisualStudioVersion = 15.0.28307.489
MinimumVisualStudioVersion = 10.0.40219.1
Project("{FAE04EC0-301F-11D3-BF4B-00C04F79EFBC}") = "DBS-v1", "DBS-v1\DBS-v1.csproj", "{3CD4B921-9FAE-40E5-89D8-80C2FE562B8A}"
EndProject
Global
	GlobalSection(SolutionConfigurationPlatforms) = preSolution
		Debug|Any CPU = Debug|Any CPU
		Release|Any CPU = Release|Any CPU
	EndGlobalSection
	GlobalSection(ProjectConfigurationPlatforms) = postSolution
		{3CD4B921-9FAE-40E5-89D8-80C2FE562B8A}.Debug|Any CPU.ActiveCfg = Debug|Any CPU
		{3CD4B921-9FAE-40E5-89D8-80C2FE562B8A}.Debug|Any CPU.Build.0 = Debug|Any CPU
		{3CD4B921-9FAE-40E5-89D8-80C2FE562B8A}.Release|Any CPU.ActiveCfg = Release|Any CPU
		{3CD4B921-9FAE-40E5-89D8-80C2FE562B8A}.Release|Any CPU.Build.0 = Release|Any CPU
	EndGlobalSection
	GlobalSection(SolutionProperties) = preSolution
		HideSolutionNode = FALSE
	EndGlobalSection
	GlobalSection(ExtensibilityGlobals) = postSolution
		SolutionGuid = {EA450E0F-E292-48B5-9E0C-4D93D97731C0}
	EndGlobalSection
EndGlobal
